
Microsoft Visual Studio Solution File, Format Version 12.00
# Visual Studio 15
VisualStudioVersion = 15.0.27004.2009
MinimumVisualStudioVersion = 10.0.40219.1
Project("{E24C65DC-7377-472B-9ABA-BC803B73C61A}") = "DownloadMtom", "http://localhost:85/DownloadMtom", "{8AED5501-C9E5-4FDA-BBF0-6FEBA7EA827A}"
	ProjectSection(WebsiteProperties) = preProject
		UseIISExpress = "false"
		TargetFrameworkMoniker = ".NETFramework,Version%3Dv4.6.1"
		Debug.AspNetCompiler.VirtualPath = "/DownloadMtom"
		Debug.AspNetCompiler.PhysicalPath = "..\..\..\..\..\inetpub\wwwISSC\DownloadMtom\"
		Debug.AspNetCompiler.TargetPath = "PrecompiledWeb\DownloadMtom\"
		Debug.AspNetCompiler.Updateable = "true"
		Debug.AspNetCompiler.ForceOverwrite = "true"
		Debug.AspNetCompiler.FixedNames = "false"
		Debug.AspNetCompiler.Debug = "True"
		Release.AspNetCompiler.VirtualPath = "/DownloadMtom"
		Release.AspNetCompiler.PhysicalPath = "..\..\..\..\..\inetpub\wwwISSC\DownloadMtom\"
		Release.AspNetCompiler.TargetPath = "PrecompiledWeb\DownloadMtom\"
		Release.AspNetCompiler.Updateable = "true"
		Release.AspNetCompiler.ForceOverwrite = "true"
		Release.AspNetCompiler.FixedNames = "false"
		Release.AspNetCompiler.Debug = "False"
		SlnRelativePath = "..\..\..\..\..\inetpub\wwwISSC\DownloadMtom\"
	EndProjectSection
EndProject
Global
	GlobalSection(SolutionConfigurationPlatforms) = preSolution
		Debug|Any CPU = Debug|Any CPU
	EndGlobalSection
	GlobalSection(ProjectConfigurationPlatforms) = postSolution
		{8AED5501-C9E5-4FDA-BBF0-6FEBA7EA827A}.Debug|Any CPU.ActiveCfg = Debug|Any CPU
		{8AED5501-C9E5-4FDA-BBF0-6FEBA7EA827A}.Debug|Any CPU.Build.0 = Debug|Any CPU
	EndGlobalSection
	GlobalSection(SolutionProperties) = preSolution
		HideSolutionNode = FALSE
	EndGlobalSection
	GlobalSection(ExtensibilityGlobals) = postSolution
		SolutionGuid = {DE133B4D-6384-443F-B35C-F653158BEC01}
	EndGlobalSection
EndGlobal
