
Microsoft Visual Studio Solution File, Format Version 12.00
# Visual Studio 15
VisualStudioVersion = 15.0.27004.2009
MinimumVisualStudioVersion = 10.0.40219.1
Project("{E24C65DC-7377-472B-9ABA-BC803B73C61A}") = "MTom", "http://localhost:85/MTom", "{05B6BAD9-4222-44AA-BEFD-A66A90F211F7}"
	ProjectSection(WebsiteProperties) = preProject
		UseIISExpress = "false"
		TargetFrameworkMoniker = ".NETFramework,Version%3Dv4.6.1"
		ProjectReferences = "{89dc5a92-99b4-44c8-8929-6f10d1733857}|MTOM2018.dll;"
		Debug.AspNetCompiler.VirtualPath = "/MTom"
		Debug.AspNetCompiler.PhysicalPath = "..\..\..\..\..\inetpub\wwwISSC\MTom\"
		Debug.AspNetCompiler.TargetPath = "PrecompiledWeb\MTom\"
		Debug.AspNetCompiler.Updateable = "true"
		Debug.AspNetCompiler.ForceOverwrite = "true"
		Debug.AspNetCompiler.FixedNames = "false"
		Debug.AspNetCompiler.Debug = "True"
		Release.AspNetCompiler.VirtualPath = "/MTom"
		Release.AspNetCompiler.PhysicalPath = "..\..\..\..\..\inetpub\wwwISSC\MTom\"
		Release.AspNetCompiler.TargetPath = "PrecompiledWeb\MTom\"
		Release.AspNetCompiler.Updateable = "true"
		Release.AspNetCompiler.ForceOverwrite = "true"
		Release.AspNetCompiler.FixedNames = "false"
		Release.AspNetCompiler.Debug = "False"
		SlnRelativePath = "..\..\..\..\..\inetpub\wwwISSC\MTom\"
	EndProjectSection
EndProject
Project("{FAE04EC0-301F-11D3-BF4B-00C04F79EFBC}") = "MTOM2018", "MTOM2018\MTOM2018.csproj", "{89DC5A92-99B4-44C8-8929-6F10D1733857}"
EndProject
Global
	GlobalSection(SolutionConfigurationPlatforms) = preSolution
		Debug|Any CPU = Debug|Any CPU
		Release|Any CPU = Release|Any CPU
	EndGlobalSection
	GlobalSection(ProjectConfigurationPlatforms) = postSolution
		{05B6BAD9-4222-44AA-BEFD-A66A90F211F7}.Debug|Any CPU.ActiveCfg = Debug|Any CPU
		{05B6BAD9-4222-44AA-BEFD-A66A90F211F7}.Debug|Any CPU.Build.0 = Debug|Any CPU
		{05B6BAD9-4222-44AA-BEFD-A66A90F211F7}.Release|Any CPU.ActiveCfg = Debug|Any CPU
		{05B6BAD9-4222-44AA-BEFD-A66A90F211F7}.Release|Any CPU.Build.0 = Debug|Any CPU
		{89DC5A92-99B4-44C8-8929-6F10D1733857}.Debug|Any CPU.ActiveCfg = Debug|Any CPU
		{89DC5A92-99B4-44C8-8929-6F10D1733857}.Debug|Any CPU.Build.0 = Debug|Any CPU
		{89DC5A92-99B4-44C8-8929-6F10D1733857}.Release|Any CPU.ActiveCfg = Release|Any CPU
		{89DC5A92-99B4-44C8-8929-6F10D1733857}.Release|Any CPU.Build.0 = Release|Any CPU
	EndGlobalSection
	GlobalSection(SolutionProperties) = preSolution
		HideSolutionNode = FALSE
	EndGlobalSection
	GlobalSection(ExtensibilityGlobals) = postSolution
		SolutionGuid = {47AC51ED-AAEF-43D8-812A-7E6F4D037C9D}
	EndGlobalSection
EndGlobal
